
Microsoft Visual Studio Solution File, Format Version 12.00
# Visual Studio 15
VisualStudioVersion = 15.0.27130.2036
MinimumVisualStudioVersion = 10.0.40219.1
Project("{FAE04EC0-301F-11D3-BF4B-00C04F79EFBC}") = "Insurance.Services", "Insurance.Services\Insurance.Services.csproj", "{3ADAC17F-7E3F-45C9-9DC7-998C09277554}"
EndProject
Project("{FAE04EC0-301F-11D3-BF4B-00C04F79EFBC}") = "Insurance.Database", "Insurance.Database\Insurance.Database.csproj", "{D1FBCD2E-0EE0-479A-AF50-79A985D64AAE}"
EndProject
Project("{FAE04EC0-301F-11D3-BF4B-00C04F79EFBC}") = "Insurance.WebApi", "Insurance.WebApi\Insurance.WebApi.csproj", "{A135787C-1B81-4556-A74A-8AAA5203F702}"
EndProject
Project("{FAE04EC0-301F-11D3-BF4B-00C04F79EFBC}") = "Insurance.IServices", "Insurance.IServices\Insurance.IServices.csproj", "{284AEDB2-C5B0-4B8F-ADA4-2DDB65F247ED}"
EndProject
Project("{FAE04EC0-301F-11D3-BF4B-00C04F79EFBC}") = "Insurance.IApiProviders", "Insurance.IApiProviders\Insurance.IApiProviders.csproj", "{AA052E5E-831E-489C-BBB1-78A5F200E8F9}"
EndProject
Project("{FAE04EC0-301F-11D3-BF4B-00C04F79EFBC}") = "Insurance.ApiProviders", "Insurance.ApiProviders\Insurance.ApiProviders.csproj", "{205FE14E-EDE3-4C48-8428-B563378B9422}"
EndProject
Project("{FAE04EC0-301F-11D3-BF4B-00C04F79EFBC}") = "Insurance.Services.Test", "Insurance.Services.Tests\Insurance.Services.Test.csproj", "{C62D4F5B-1D9E-4F6E-A660-54EEADC26245}"
EndProject
Global
	GlobalSection(SolutionConfigurationPlatforms) = preSolution
		Debug|Any CPU = Debug|Any CPU
		Release|Any CPU = Release|Any CPU
	EndGlobalSection
	GlobalSection(ProjectConfigurationPlatforms) = postSolution
		{3ADAC17F-7E3F-45C9-9DC7-998C09277554}.Debug|Any CPU.ActiveCfg = Debug|Any CPU
		{3ADAC17F-7E3F-45C9-9DC7-998C09277554}.Debug|Any CPU.Build.0 = Debug|Any CPU
		{3ADAC17F-7E3F-45C9-9DC7-998C09277554}.Release|Any CPU.ActiveCfg = Release|Any CPU
		{3ADAC17F-7E3F-45C9-9DC7-998C09277554}.Release|Any CPU.Build.0 = Release|Any CPU
		{D1FBCD2E-0EE0-479A-AF50-79A985D64AAE}.Debug|Any CPU.ActiveCfg = Debug|Any CPU
		{D1FBCD2E-0EE0-479A-AF50-79A985D64AAE}.Debug|Any CPU.Build.0 = Debug|Any CPU
		{D1FBCD2E-0EE0-479A-AF50-79A985D64AAE}.Release|Any CPU.ActiveCfg = Release|Any CPU
		{D1FBCD2E-0EE0-479A-AF50-79A985D64AAE}.Release|Any CPU.Build.0 = Release|Any CPU
		{A135787C-1B81-4556-A74A-8AAA5203F702}.Debug|Any CPU.ActiveCfg = Debug|Any CPU
		{A135787C-1B81-4556-A74A-8AAA5203F702}.Debug|Any CPU.Build.0 = Debug|Any CPU
		{A135787C-1B81-4556-A74A-8AAA5203F702}.Release|Any CPU.ActiveCfg = Release|Any CPU
		{A135787C-1B81-4556-A74A-8AAA5203F702}.Release|Any CPU.Build.0 = Release|Any CPU
		{284AEDB2-C5B0-4B8F-ADA4-2DDB65F247ED}.Debug|Any CPU.ActiveCfg = Debug|Any CPU
		{284AEDB2-C5B0-4B8F-ADA4-2DDB65F247ED}.Debug|Any CPU.Build.0 = Debug|Any CPU
		{284AEDB2-C5B0-4B8F-ADA4-2DDB65F247ED}.Release|Any CPU.ActiveCfg = Release|Any CPU
		{284AEDB2-C5B0-4B8F-ADA4-2DDB65F247ED}.Release|Any CPU.Build.0 = Release|Any CPU
		{AA052E5E-831E-489C-BBB1-78A5F200E8F9}.Debug|Any CPU.ActiveCfg = Debug|Any CPU
		{AA052E5E-831E-489C-BBB1-78A5F200E8F9}.Debug|Any CPU.Build.0 = Debug|Any CPU
		{AA052E5E-831E-489C-BBB1-78A5F200E8F9}.Release|Any CPU.ActiveCfg = Release|Any CPU
		{AA052E5E-831E-489C-BBB1-78A5F200E8F9}.Release|Any CPU.Build.0 = Release|Any CPU
		{205FE14E-EDE3-4C48-8428-B563378B9422}.Debug|Any CPU.ActiveCfg = Debug|Any CPU
		{205FE14E-EDE3-4C48-8428-B563378B9422}.Debug|Any CPU.Build.0 = Debug|Any CPU
		{205FE14E-EDE3-4C48-8428-B563378B9422}.Release|Any CPU.ActiveCfg = Release|Any CPU
		{205FE14E-EDE3-4C48-8428-B563378B9422}.Release|Any CPU.Build.0 = Release|Any CPU
		{C62D4F5B-1D9E-4F6E-A660-54EEADC26245}.Debug|Any CPU.ActiveCfg = Debug|Any CPU
		{C62D4F5B-1D9E-4F6E-A660-54EEADC26245}.Debug|Any CPU.Build.0 = Debug|Any CPU
		{C62D4F5B-1D9E-4F6E-A660-54EEADC26245}.Release|Any CPU.ActiveCfg = Release|Any CPU
		{C62D4F5B-1D9E-4F6E-A660-54EEADC26245}.Release|Any CPU.Build.0 = Release|Any CPU
	EndGlobalSection
	GlobalSection(SolutionProperties) = preSolution
		HideSolutionNode = FALSE
	EndGlobalSection
	GlobalSection(ExtensibilityGlobals) = postSolution
		SolutionGuid = {375CDA0B-4887-4DD6-AE66-82E8B508C868}
	EndGlobalSection
EndGlobal
